{
  "requires": true,
  "lockfileVersion": 1,
  "dependencies": {
    "classnames": {
      "version": "2.3.1",
      "resolved": "https://registry.npmjs.org/classnames/-/classnames-2.3.1.tgz",
      "integrity": "sha512-OlQdbZ7gLfGarSqxesMesDa5uz7KFbID8Kpq/SxIoNGDqY8lSYs0D+hhtBXhcdB3rcbXArFr7vlHheLk1voeNA=="
    },
    "paper": {
      "version": "0.11.8",
      "resolved": "https://registry.npmjs.org/paper/-/paper-0.11.8.tgz",
      "integrity": "sha512-3O5o8SntwieIlBmHjWS4hAYESiZ0yb++Outz9Rr5AN/ZFK7jfVGLANjqyIvEKIpGMImf2fQCkW64n8dkYheP5g=="
    },
    "react-daytime": {
      "version": "1.3.0",
      "resolved": "https://registry.npmjs.org/react-daytime/-/react-daytime-1.3.0.tgz",
      "integrity": "sha1-XqeY0Ayt/cNi0FbW5z6CZ0TYsho=",
      "requires": {
        "classnames": "^2.1.2",
        "paper": "^0.11.5",
        "uuid4": "^1.0.0"
      }
    },
    "uuid4": {
      "version": "1.1.4",
      "resolved": "https://registry.npmjs.org/uuid4/-/uuid4-1.1.4.tgz",
      "integrity": "sha512-Gr1q2k40LpF8CokcnQFjPDsdslzJbTCTBG5xQIEflUov431gFkY5KduiGIeKYAamkQnNn4IfdHJbLnl9Bib8TQ=="
    }
  }
}
